// !$*UTF8*$!
{
	archiveVersion = 1;
	classes = {
	};
	objectVersion = 55;
	objects = {

/* Begin PBXCopyFilesBuildPhase section */
		F5437285288DADDC002B7C9D /* CopyFiles */ = {
			isa = PBXCopyFilesBuildPhase;
			buildActionMask = 2147483647;
			dstPath = /usr/share/man/man1/;
			dstSubfolderSpec = 0;
			files = (
			);
			runOnlyForDeploymentPostprocessing = 1;
		};
/* End PBXCopyFilesBuildPhase section */

/* Begin PBXFileReference section */
		F5437287288DADDC002B7C9D /* ControlStructes */ = {isa = PBXFileReference; explicitFileType = "compiled.mach-o.executable"; includeInIndex = 0; path = ControlStructes; sourceTree = BUILT_PRODUCTS_DIR; };
		F543728A288DADDC002B7C9D /* main.cpp */ = {isa = PBXFileReference; lastKnownFileType = sourcecode.cpp.cpp; path = main.cpp; sourceTree = "<group>"; };
		F5C749D328ACEC630024D885 /* Calc */ = {isa = PBXFileReference; lastKnownFileType = folder; path = Calc; sourceTree = "<group>"; };
		F5C749D428ACEC770024D885 /* FOR */ = {isa = PBXFileReference; lastKnownFileType = folder; path = FOR; sourceTree = "<group>"; };
		F5C749D528ACEC830024D885 /* HomeWork_FOR */ = {isa = PBXFileReference; lastKnownFileType = folder; path = HomeWork_FOR; sourceTree = "<group>"; };
		F5C749D628ACEC890024D885 /* HomeWork_NesterFor */ = {isa = PBXFileReference; lastKnownFileType = folder; path = HomeWork_NesterFor; sourceTree = "<group>"; };
		F5C749D728ACEC8E0024D885 /* HomeWork_Schooter */ = {isa = PBXFileReference; lastKnownFileType = folder; path = HomeWork_Schooter; sourceTree = "<group>"; };
		F5C749D828ACEC950024D885 /* LOOPS */ = {isa = PBXFileReference; lastKnownFileType = folder; path = LOOPS; sourceTree = "<group>"; };
		F5C749D928ACEC9A0024D885 /* HomeWork_Weather */ = {isa = PBXFileReference; lastKnownFileType = folder; path = HomeWork_Weather; sourceTree = "<group>"; };
		F5C749DA28ACECA00024D885 /* Palindrome */ = {isa = PBXFileReference; lastKnownFileType = folder; path = Palindrome; sourceTree = "<group>"; };
/* End PBXFileReference section */

/* Begin PBXFrameworksBuildPhase section */
		F5437284288DADDC002B7C9D /* Frameworks */ = {
			isa = PBXFrameworksBuildPhase;
			buildActionMask = 2147483647;
			files = (
			);
			runOnlyForDeploymentPostprocessing = 0;
		};
/* End PBXFrameworksBuildPhase section */

/* Begin PBXGroup section */
		F543727E288DADDC002B7C9D = {
			isa = PBXGroup;
			children = (
				F5C749DA28ACECA00024D885 /* Palindrome */,
				F5C749D928ACEC9A0024D885 /* HomeWork_Weather */,
				F5C749D828ACEC950024D885 /* LOOPS */,
				F5C749D728ACEC8E0024D885 /* HomeWork_Schooter */,
				F5C749D628ACEC890024D885 /* HomeWork_NesterFor */,
				F5C749D528ACEC830024D885 /* HomeWork_FOR */,
				F5C749D428ACEC770024D885 /* FOR */,
				F5C749D328ACEC630024D885 /* Calc */,
				F5437289288DADDC002B7C9D /* ControlStructes */,
				F5437288288DADDC002B7C9D /* Products */,
			);
			sourceTree = "<group>";
		};
		F5437288288DADDC002B7C9D /* Products */ = {
			isa = PBXGroup;
			children = (
				F5437287288DADDC002B7C9D /* ControlStructes */,
			);
			name = Products;
			sourceTree = "<group>";
		};
		F5437289288DADDC002B7C9D /* ControlStructes */ = {
			isa = PBXGroup;
			children = (
				F543728A288DADDC002B7C9D /* main.cpp */,
			);
			path = ControlStructes;
			sourceTree = "<group>";
		};
/* End PBXGroup section */

/* Begin PBXNativeTarget section */
		F5437286288DADDC002B7C9D /* ControlStructes */ = {
			isa = PBXNativeTarget;
			buildConfigurationList = F543728E288DADDC002B7C9D /* Build configuration list for PBXNativeTarget "ControlStructes" */;
			buildPhases = (
				F5437283288DADDC002B7C9D /* Sources */,
				F5437284288DADDC002B7C9D /* Frameworks */,
				F5437285288DADDC002B7C9D /* CopyFiles */,
			);
			buildRules = (
			);
			dependencies = (
			);
			name = ControlStructes;
			productName = ControlStructes;
			productReference = F5437287288DADDC002B7C9D /* ControlStructes */;
			productType = "com.apple.product-type.tool";
		};
/* End PBXNativeTarget section */

/* Begin PBXProject section */
		F543727F288DADDC002B7C9D /* Project object */ = {
			isa = PBXProject;
			attributes = {
				BuildIndependentTargetsInParallel = 1;
				LastUpgradeCheck = 1340;
				TargetAttributes = {
					F5437286288DADDC002B7C9D = {
						CreatedOnToolsVersion = 13.4.1;
					};
				};
			};
			buildConfigurationList = F5437282288DADDC002B7C9D /* Build configuration list for PBXProject "ControlStructes" */;
			compatibilityVersion = "Xcode 13.0";
			developmentRegion = en;
			hasScannedForEncodings = 0;
			knownRegions = (
				en,
				Base,
			);
			mainGroup = F543727E288DADDC002B7C9D;
			productRefGroup = F5437288288DADDC002B7C9D /* Products */;
			projectDirPath = "";
			projectRoot = "";
			targets = (
				F5437286288DADDC002B7C9D /* ControlStructes */,
			);
		};
/* End PBXProject section */

/* Begin PBXSourcesBuildPhase section */
		F5437283288DADDC002B7C9D /* Sources */ = {
			isa = PBXSourcesBuildPhase;
			buildActionMask = 2147483647;
			files = (
			);
			runOnlyForDeploymentPostprocessing = 0;
		};
/* End PBXSourcesBuildPhase section */

/* Begin XCBuildConfiguration section */
		F543728C288DADDC002B7C9D /* Debug */ = {
			isa = XCBuildConfiguration;
			buildSettings = {
				ALWAYS_SEARCH_USER_PATHS = NO;
				CLANG_ANALYZER_NONNULL = YES;
				CLANG_ANALYZER_NUMBER_OBJECT_CONVERSION = YES_AGGRESSIVE;
				CLANG_CXX_LANGUAGE_STANDARD = "gnu++17";
				CLANG_ENABLE_MODULES = YES;
				CLANG_ENABLE_OBJC_ARC = YES;
				CLANG_ENABLE_OBJC_WEAK = YES;
				CLANG_WARN_BLOCK_CAPTURE_AUTORELEASING = YES;
				CLANG_WARN_BOOL_CONVERSION = YES;
				CLANG_WARN_COMMA = YES;
				CLANG_WARN_CONSTANT_CONVERSION = YES;
				CLANG_WARN_DEPRECATED_OBJC_IMPLEMENTATIONS = YES;
				CLANG_WARN_DIRECT_OBJC_ISA_USAGE = YES_ERROR;
				CLANG_WARN_DOCUMENTATION_COMMENTS = YES;
				CLANG_WARN_EMPTY_BODY = YES;
				CLANG_WARN_ENUM_CONVERSION = YES;
				CLANG_WARN_INFINITE_RECURSION = YES;
				CLANG_WARN_INT_CONVERSION = YES;
				CLANG_WARN_NON_LITERAL_NULL_CONVERSION = YES;
				CLANG_WARN_OBJC_IMPLICIT_RETAIN_SELF = YES;
				CLANG_WARN_OBJC_LITERAL_CONVERSION = YES;
				CLANG_WARN_OBJC_ROOT_CLASS = YES_ERROR;
				CLANG_WARN_QUOTED_INCLUDE_IN_FRAMEWORK_HEADER = YES;
				CLANG_WARN_RANGE_LOOP_ANALYSIS = YES;
				CLANG_WARN_STRICT_PROTOTYPES = YES;
				CLANG_WARN_SUSPICIOUS_MOVE = YES;
				CLANG_WARN_UNGUARDED_AVAILABILITY = YES_AGGRESSIVE;
				CLANG_WARN_UNREACHABLE_CODE = YES;
				CLANG_WARN__DUPLICATE_METHOD_MATCH = YES;
				COPY_PHASE_STRIP = NO;
				DEBUG_INFORMATION_FORMAT = dwarf;
				ENABLE_STRICT_OBJC_MSGSEND = YES;
				ENABLE_TESTABILITY = YES;
				GCC_C_LANGUAGE_STANDARD = gnu11;
				GCC_DYNAMIC_NO_PIC = NO;
				GCC_NO_COMMON_BLOCKS = YES;
				GCC_OPTIMIZATION_LEVEL = 0;
				GCC_PREPROCESSOR_DEFINITIONS = (
					"DEBUG=1",
					"$(inherited)",
				);
				GCC_WARN_64_TO_32_BIT_CONVERSION = YES;
				GCC_WARN_ABOUT_RETURN_TYPE = YES_ERROR;
				GCC_WARN_UNDECLARED_SELECTOR = YES;
				GCC_WARN_UNINITIALIZED_AUTOS = YES_AGGRESSIVE;
				GCC_WARN_UNUSED_FUNCTION = YES;
				GCC_WARN_UNUSED_VARIABLE = YES;
				MACOSX_DEPLOYMENT_TARGET = 12.3;
				MTL_ENABLE_DEBUG_INFO = INCLUDE_SOURCE;
				MTL_FAST_MATH = YES;
				ONLY_ACTIVE_ARCH = YES;
				SDKROOT = macosx;
			};
			name = Debug;
		};
		F543728D288DADDC002B7C9D /* Release */ = {
			isa = XCBuildConfiguration;
			buildSettings = {
				ALWAYS_SEARCH_USER_PATHS = NO;
				CLANG_ANALYZER_NONNULL = YES;
				CLANG_ANALYZER_NUMBER_OBJECT_CONVERSION = YES_AGGRESSIVE;
				CLANG_CXX_LANGUAGE_STANDARD = "gnu++17";
				CLANG_ENABLE_MODULES = YES;
				CLANG_ENABLE_OBJC_ARC = YES;
				CLANG_ENABLE_OBJC_WEAK = YES;
				CLANG_WARN_BLOCK_CAPTURE_AUTORELEASING = YES;
				CLANG_WARN_BOOL_CONVERSION = YES;
				CLANG_WARN_COMMA = YES;
				CLANG_WARN_CONSTANT_CONVERSION = YES;
				CLANG_WARN_DEPRECATED_OBJC_IMPLEMENTATIONS = YES;
				CLANG_WARN_DIRECT_OBJC_ISA_USAGE = YES_ERROR;
				CLANG_WARN_DOCUMENTATION_COMMENTS = YES;
				CLANG_WARN_EMPTY_BODY = YES;
				CLANG_WARN_ENUM_CONVERSION = YES;
				CLANG_WARN_INFINITE_RECURSION = YES;
				CLANG_WARN_INT_CONVERSION = YES;
				CLANG_WARN_NON_LITERAL_NULL_CONVERSION = YES;
				CLANG_WARN_OBJC_IMPLICIT_RETAIN_SELF = YES;
				CLANG_WARN_OBJC_LITERAL_CONVERSION = YES;
				CLANG_WARN_OBJC_ROOT_CLASS = YES_ERROR;
				CLANG_WARN_QUOTED_INCLUDE_IN_FRAMEWORK_HEADER = YES;
				CLANG_WARN_RANGE_LOOP_ANALYSIS = YES;
				CLANG_WARN_STRICT_PROTOTYPES = YES;
				CLANG_WARN_SUSPICIOUS_MOVE = YES;
				CLANG_WARN_UNGUARDED_AVAILABILITY = YES_AGGRESSIVE;
				CLANG_WARN_UNREACHABLE_CODE = YES;
				CLANG_WARN__DUPLICATE_METHOD_MATCH = YES;
				COPY_PHASE_STRIP = NO;
				DEBUG_INFORMATION_FORMAT = "dwarf-with-dsym";
				ENABLE_NS_ASSERTIONS = NO;
				ENABLE_STRICT_OBJC_MSGSEND = YES;
				GCC_C_LANGUAGE_STANDARD = gnu11;
				GCC_NO_COMMON_BLOCKS = YES;
				GCC_WARN_64_TO_32_BIT_CONVERSION = YES;
				GCC_WARN_ABOUT_RETURN_TYPE = YES_ERROR;
				GCC_WARN_UNDECLARED_SELECTOR = YES;
				GCC_WARN_UNINITIALIZED_AUTOS = YES_AGGRESSIVE;
				GCC_WARN_UNUSED_FUNCTION = YES;
				GCC_WARN_UNUSED_VARIABLE = YES;
				MACOSX_DEPLOYMENT_TARGET = 12.3;
				MTL_ENABLE_DEBUG_INFO = NO;
				MTL_FAST_MATH = YES;
				SDKROOT = macosx;
			};
			name = Release;
		};
		F543728F288DADDC002B7C9D /* Debug */ = {
			isa = XCBuildConfiguration;
			buildSettings = {
				CODE_SIGN_STYLE = Automatic;
				PRODUCT_NAME = "$(TARGET_NAME)";
			};
			name = Debug;
		};
		F5437290288DADDC002B7C9D /* Release */ = {
			isa = XCBuildConfiguration;
			buildSettings = {
				CODE_SIGN_STYLE = Automatic;
				PRODUCT_NAME = "$(TARGET_NAME)";
			};
			name = Release;
		};
/* End XCBuildConfiguration section */

/* Begin XCConfigurationList section */
		F5437282288DADDC002B7C9D /* Build configuration list for PBXProject "ControlStructes" */ = {
			isa = XCConfigurationList;
			buildConfigurations = (
				F543728C288DADDC002B7C9D /* Debug */,
				F543728D288DADDC002B7C9D /* Release */,
			);
			defaultConfigurationIsVisible = 0;
			defaultConfigurationName = Release;
		};
		F543728E288DADDC002B7C9D /* Build configuration list for PBXNativeTarget "ControlStructes" */ = {
			isa = XCConfigurationList;
			buildConfigurations = (
				F543728F288DADDC002B7C9D /* Debug */,
				F5437290288DADDC002B7C9D /* Release */,
			);
			defaultConfigurationIsVisible = 0;
			defaultConfigurationName = Release;
		};
/* End XCConfigurationList section */
	};
	rootObject = F543727F288DADDC002B7C9D /* Project object */;
}
